{
  "originHash" : "33b7f337d62d961fd5f39966f9c09be2e4db2c1d23e97fd201526ccd207688ee",
  "pins" : [
    {
      "identity" : "fluidaudio",
      "kind" : "remoteSourceControl",
      "location" : "https://github.com/FluidInference/FluidAudio.git",
      "state" : {
        "revision" : "a6b826ce9a09028fc685a4b32a8927ec920c3188",
        "version" : "0.17.3"
      }
    },
    {
      "identity" : "grdb.swift",
      "kind" : "remoteSourceControl",
      "location" : "https://github.com/groue/GRDB.swift.git",
      "state" : {
        "revision" : "b83108d10f42680d78f23fe4d4d80fc88dab3212",
        "version" : "7.11.1"
      }
    }
  ],
  "version" : 3
}
